
Microsoft Visual Studio Solution File, Format Version 11.00
# Visual Studio 2010
Project("{FAE04EC0-301F-11D3-BF4B-00C04F79EFBC}") = "Assembly-CSharp", "Assembly-CSharp.csproj", "{565d0a57-68f1-d389-7ed6-dfbff2c66882}"
EndProject
Project("{FAE04EC0-301F-11D3-BF4B-00C04F79EFBC}") = "UnityEngine.InputSystem.Samples.UIvsGameInput", "UnityEngine.InputSystem.Samples.UIvsGameInput.csproj", "{af014161-3d04-c0a1-044b-88f8e25b41eb}"
EndProject
Project("{FAE04EC0-301F-11D3-BF4B-00C04F79EFBC}") = "Assembly-CSharp-Editor", "Assembly-CSharp-Editor.csproj", "{220a546f-973b-e939-2ba1-333bfcd3d5ab}"
EndProject
Global
	GlobalSection(SolutionConfigurationPlatforms) = preSolution
		Debug|Any CPU = Debug|Any CPU
	EndGlobalSection
	GlobalSection(ProjectConfigurationPlatforms) = postSolution
		{565d0a57-68f1-d389-7ed6-dfbff2c66882}.Debug|Any CPU.ActiveCfg = Debug|Any CPU
		{565d0a57-68f1-d389-7ed6-dfbff2c66882}.Debug|Any CPU.Build.0 = Debug|Any CPU
		{af014161-3d04-c0a1-044b-88f8e25b41eb}.Debug|Any CPU.ActiveCfg = Debug|Any CPU
		{af014161-3d04-c0a1-044b-88f8e25b41eb}.Debug|Any CPU.Build.0 = Debug|Any CPU
		{220a546f-973b-e939-2ba1-333bfcd3d5ab}.Debug|Any CPU.ActiveCfg = Debug|Any CPU
		{220a546f-973b-e939-2ba1-333bfcd3d5ab}.Debug|Any CPU.Build.0 = Debug|Any CPU
	EndGlobalSection
	GlobalSection(SolutionProperties) = preSolution
		HideSolutionNode = FALSE
	EndGlobalSection
EndGlobal
